{
  "name": "sample_function_4_npm",
  "version": "1.0.25",
  "lockfileVersion": 3,
  "requires": true,
  "packages": {
    "": {
      "name": "sample_function_4_npm",
      "version": "1.0.25",
      "license": "MIT",
      "dependencies": {},
      "devDependencies": {},
      "engines": {
        "node": ">=14"
      }
    }
  }
}
