{
  "name": "sample_function_4_npm",
  "version": "1.0.23",
  "lockfileVersion": 3,
  "requires": true,
  "devDependencies":{
    "@qiwi/multi-semantic-release": "7.1.1"
  },
  "packages": {
    "": {
      "name": "sample_function_4_npm",
      "version": "1.0.23",
      "license": "MIT",
      "dependencies": {},
      "devDependencies": {},
      "engines": {
        "node": ">=14"
      }
    }
  }
}
